
Microsoft Visual Studio Solution File, Format Version 12.00
# Visual Studio 15
VisualStudioVersion = 15.0.27703.2035
MinimumVisualStudioVersion = 10.0.40219.1
Project("{8BC9CEB8-8B4A-11D0-8D11-00A0C91BC942}") = "8080 Emulator", "8080 Emulator\8080 Emulator.vcxproj", "{77005AB1-03FD-45F8-B0DB-F19654B664FC}"
EndProject
Global
	GlobalSection(SolutionConfigurationPlatforms) = preSolution
		Debug|x64 = Debug|x64
		Debug|x86 = Debug|x86
		Release|x64 = Release|x64
		Release|x86 = Release|x86
	EndGlobalSection
	GlobalSection(ProjectConfigurationPlatforms) = postSolution
		{77005AB1-03FD-45F8-B0DB-F19654B664FC}.Debug|x64.ActiveCfg = Debug|x64
		{77005AB1-03FD-45F8-B0DB-F19654B664FC}.Debug|x64.Build.0 = Debug|x64
		{77005AB1-03FD-45F8-B0DB-F19654B664FC}.Debug|x86.ActiveCfg = Debug|Win32
		{77005AB1-03FD-45F8-B0DB-F19654B664FC}.Debug|x86.Build.0 = Debug|Win32
		{77005AB1-03FD-45F8-B0DB-F19654B664FC}.Release|x64.ActiveCfg = Release|x64
		{77005AB1-03FD-45F8-B0DB-F19654B664FC}.Release|x64.Build.0 = Release|x64
		{77005AB1-03FD-45F8-B0DB-F19654B664FC}.Release|x86.ActiveCfg = Release|Win32
		{77005AB1-03FD-45F8-B0DB-F19654B664FC}.Release|x86.Build.0 = Release|Win32
	EndGlobalSection
	GlobalSection(SolutionProperties) = preSolution
		HideSolutionNode = FALSE
	EndGlobalSection
	GlobalSection(ExtensibilityGlobals) = postSolution
		SolutionGuid = {62385F95-40B1-4CCE-8407-B7CFF8E00EB7}
	EndGlobalSection
EndGlobal
